// !$*UTF8*$!
{
	archiveVersion = 1;
	classes = {
	};
	objectVersion = 56;
	objects = {

/* Begin PBXBuildFile section */
		ED11513729F2C9F30030D7D4 /* gameBrain.swift in Sources */ = {isa = PBXBuildFile; fileRef = ED11513629F2C9F30030D7D4 /* gameBrain.swift */; };
		ED1F8B2D29EC347500C5748E /* AppDelegate.swift in Sources */ = {isa = PBXBuildFile; fileRef = ED1F8B2C29EC347500C5748E /* AppDelegate.swift */; };
		ED1F8B2F29EC347500C5748E /* SceneDelegate.swift in Sources */ = {isa = PBXBuildFile; fileRef = ED1F8B2E29EC347500C5748E /* SceneDelegate.swift */; };
		ED1F8B3129EC347500C5748E /* gameViewController.swift in Sources */ = {isa = PBXBuildFile; fileRef = ED1F8B3029EC347500C5748E /* gameViewController.swift */; };
		ED1F8B3429EC347500C5748E /* Main.storyboard in Resources */ = {isa = PBXBuildFile; fileRef = ED1F8B3229EC347500C5748E /* Main.storyboard */; };
		ED1F8B3629EC347500C5748E /* Assets.xcassets in Resources */ = {isa = PBXBuildFile; fileRef = ED1F8B3529EC347500C5748E /* Assets.xcassets */; };
		ED1F8B3929EC347500C5748E /* LaunchScreen.storyboard in Resources */ = {isa = PBXBuildFile; fileRef = ED1F8B3729EC347500C5748E /* LaunchScreen.storyboard */; };
		EDEFC3F229F7F83300599AAE /* mainViewController.swift in Sources */ = {isa = PBXBuildFile; fileRef = EDEFC3F129F7F83300599AAE /* mainViewController.swift */; };
		EDEFC3F429F7F86000599AAE /* settingViewController.swift in Sources */ = {isa = PBXBuildFile; fileRef = EDEFC3F329F7F86000599AAE /* settingViewController.swift */; };
/* End PBXBuildFile section */

/* Begin PBXFileReference section */
		ED11513629F2C9F30030D7D4 /* gameBrain.swift */ = {isa = PBXFileReference; lastKnownFileType = sourcecode.swift; path = gameBrain.swift; sourceTree = "<group>"; };
		ED1F8B2929EC347500C5748E /* TicTacToeIphone.app */ = {isa = PBXFileReference; explicitFileType = wrapper.application; includeInIndex = 0; path = TicTacToeIphone.app; sourceTree = BUILT_PRODUCTS_DIR; };
		ED1F8B2C29EC347500C5748E /* AppDelegate.swift */ = {isa = PBXFileReference; lastKnownFileType = sourcecode.swift; path = AppDelegate.swift; sourceTree = "<group>"; };
		ED1F8B2E29EC347500C5748E /* SceneDelegate.swift */ = {isa = PBXFileReference; lastKnownFileType = sourcecode.swift; path = SceneDelegate.swift; sourceTree = "<group>"; };
		ED1F8B3029EC347500C5748E /* gameViewController.swift */ = {isa = PBXFileReference; lastKnownFileType = sourcecode.swift; path = gameViewController.swift; sourceTree = "<group>"; };
		ED1F8B3329EC347500C5748E /* Base */ = {isa = PBXFileReference; lastKnownFileType = file.storyboard; name = Base; path = Base.lproj/Main.storyboard; sourceTree = "<group>"; };
		ED1F8B3529EC347500C5748E /* Assets.xcassets */ = {isa = PBXFileReference; lastKnownFileType = folder.assetcatalog; path = Assets.xcassets; sourceTree = "<group>"; };
		ED1F8B3829EC347500C5748E /* Base */ = {isa = PBXFileReference; lastKnownFileType = file.storyboard; name = Base; path = Base.lproj/LaunchScreen.storyboard; sourceTree = "<group>"; };
		ED1F8B3A29EC347500C5748E /* Info.plist */ = {isa = PBXFileReference; lastKnownFileType = text.plist.xml; path = Info.plist; sourceTree = "<group>"; };
		EDEFC3F129F7F83300599AAE /* mainViewController.swift */ = {isa = PBXFileReference; lastKnownFileType = sourcecode.swift; path = mainViewController.swift; sourceTree = "<group>"; };
		EDEFC3F329F7F86000599AAE /* settingViewController.swift */ = {isa = PBXFileReference; lastKnownFileType = sourcecode.swift; path = settingViewController.swift; sourceTree = "<group>"; };
/* End PBXFileReference section */

/* Begin PBXFrameworksBuildPhase section */
		ED1F8B2629EC347500C5748E /* Frameworks */ = {
			isa = PBXFrameworksBuildPhase;
			buildActionMask = 2147483647;
			files = (
			);
			runOnlyForDeploymentPostprocessing = 0;
		};
/* End PBXFrameworksBuildPhase section */

/* Begin PBXGroup section */
		ED11513229F2C6DE0030D7D4 /* View */ = {
			isa = PBXGroup;
			children = (
				ED1F8B3229EC347500C5748E /* Main.storyboard */,
			);
			path = View;
			sourceTree = "<group>";
		};
		ED11513329F2C6F00030D7D4 /* Controller */ = {
			isa = PBXGroup;
			children = (
				EDEFC3F129F7F83300599AAE /* mainViewController.swift */,
				EDEFC3F329F7F86000599AAE /* settingViewController.swift */,
				ED1F8B3029EC347500C5748E /* gameViewController.swift */,
			);
			path = Controller;
			sourceTree = "<group>";
		};
		ED11513829F2C9F80030D7D4 /* Model */ = {
			isa = PBXGroup;
			children = (
				ED11513629F2C9F30030D7D4 /* gameBrain.swift */,
			);
			path = Model;
			sourceTree = "<group>";
		};
		ED1F8B2029EC347500C5748E = {
			isa = PBXGroup;
			children = (
				ED1F8B2B29EC347500C5748E /* TicTacToeIphone */,
				ED1F8B2A29EC347500C5748E /* Products */,
			);
			sourceTree = "<group>";
		};
		ED1F8B2A29EC347500C5748E /* Products */ = {
			isa = PBXGroup;
			children = (
				ED1F8B2929EC347500C5748E /* TicTacToeIphone.app */,
			);
			name = Products;
			sourceTree = "<group>";
		};
		ED1F8B2B29EC347500C5748E /* TicTacToeIphone */ = {
			isa = PBXGroup;
			children = (
				ED1F8B2C29EC347500C5748E /* AppDelegate.swift */,
				ED1F8B2E29EC347500C5748E /* SceneDelegate.swift */,
				ED11513829F2C9F80030D7D4 /* Model */,
				ED11513229F2C6DE0030D7D4 /* View */,
				ED11513329F2C6F00030D7D4 /* Controller */,
				ED1F8B3529EC347500C5748E /* Assets.xcassets */,
				ED1F8B3729EC347500C5748E /* LaunchScreen.storyboard */,
				ED1F8B3A29EC347500C5748E /* Info.plist */,
			);
			path = TicTacToeIphone;
			sourceTree = "<group>";
		};
/* End PBXGroup section */

/* Begin PBXNativeTarget section */
		ED1F8B2829EC347500C5748E /* TicTacToeIphone */ = {
			isa = PBXNativeTarget;
			buildConfigurationList = ED1F8B3D29EC347500C5748E /* Build configuration list for PBXNativeTarget "TicTacToeIphone" */;
			buildPhases = (
				ED1F8B2529EC347500C5748E /* Sources */,
				ED1F8B2629EC347500C5748E /* Frameworks */,
				ED1F8B2729EC347500C5748E /* Resources */,
			);
			buildRules = (
			);
			dependencies = (
			);
			name = TicTacToeIphone;
			productName = TicTacToeIphone;
			productReference = ED1F8B2929EC347500C5748E /* TicTacToeIphone.app */;
			productType = "com.apple.product-type.application";
		};
/* End PBXNativeTarget section */

/* Begin PBXProject section */
		ED1F8B2129EC347500C5748E /* Project object */ = {
			isa = PBXProject;
			attributes = {
				BuildIndependentTargetsInParallel = 1;
				LastSwiftUpdateCheck = 1430;
				LastUpgradeCheck = 1430;
				TargetAttributes = {
					ED1F8B2829EC347500C5748E = {
						CreatedOnToolsVersion = 14.3;
					};
				};
			};
			buildConfigurationList = ED1F8B2429EC347500C5748E /* Build configuration list for PBXProject "TicTacToeIphone" */;
			compatibilityVersion = "Xcode 14.0";
			developmentRegion = en;
			hasScannedForEncodings = 0;
			knownRegions = (
				en,
				Base,
			);
			mainGroup = ED1F8B2029EC347500C5748E;
			productRefGroup = ED1F8B2A29EC347500C5748E /* Products */;
			projectDirPath = "";
			projectRoot = "";
			targets = (
				ED1F8B2829EC347500C5748E /* TicTacToeIphone */,
			);
		};
/* End PBXProject section */

/* Begin PBXResourcesBuildPhase section */
		ED1F8B2729EC347500C5748E /* Resources */ = {
			isa = PBXResourcesBuildPhase;
			buildActionMask = 2147483647;
			files = (
				ED1F8B3929EC347500C5748E /* LaunchScreen.storyboard in Resources */,
				ED1F8B3629EC347500C5748E /* Assets.xcassets in Resources */,
				ED1F8B3429EC347500C5748E /* Main.storyboard in Resources */,
			);
			runOnlyForDeploymentPostprocessing = 0;
		};
/* End PBXResourcesBuildPhase section */

/* Begin PBXSourcesBuildPhase section */
		ED1F8B2529EC347500C5748E /* Sources */ = {
			isa = PBXSourcesBuildPhase;
			buildActionMask = 2147483647;
			files = (
				ED11513729F2C9F30030D7D4 /* gameBrain.swift in Sources */,
				ED1F8B3129EC347500C5748E /* gameViewController.swift in Sources */,
				EDEFC3F229F7F83300599AAE /* mainViewController.swift in Sources */,
				ED1F8B2D29EC347500C5748E /* AppDelegate.swift in Sources */,
				ED1F8B2F29EC347500C5748E /* SceneDelegate.swift in Sources */,
				EDEFC3F429F7F86000599AAE /* settingViewController.swift in Sources */,
			);
			runOnlyForDeploymentPostprocessing = 0;
		};
/* End PBXSourcesBuildPhase section */

/* Begin PBXVariantGroup section */
		ED1F8B3229EC347500C5748E /* Main.storyboard */ = {
			isa = PBXVariantGroup;
			children = (
				ED1F8B3329EC347500C5748E /* Base */,
			);
			name = Main.storyboard;
			sourceTree = "<group>";
		};
		ED1F8B3729EC347500C5748E /* LaunchScreen.storyboard */ = {
			isa = PBXVariantGroup;
			children = (
				ED1F8B3829EC347500C5748E /* Base */,
			);
			name = LaunchScreen.storyboard;
			sourceTree = "<group>";
		};
/* End PBXVariantGroup section */

/* Begin XCBuildConfiguration section */
		ED1F8B3B29EC347500C5748E /* Debug */ = {
			isa = XCBuildConfiguration;
			buildSettings = {
				ALWAYS_SEARCH_USER_PATHS = NO;
				CLANG_ANALYZER_NONNULL = YES;
				CLANG_ANALYZER_NUMBER_OBJECT_CONVERSION = YES_AGGRESSIVE;
				CLANG_CXX_LANGUAGE_STANDARD = "gnu++20";
				CLANG_ENABLE_MODULES = YES;
				CLANG_ENABLE_OBJC_ARC = YES;
				CLANG_ENABLE_OBJC_WEAK = YES;
				CLANG_WARN_BLOCK_CAPTURE_AUTORELEASING = YES;
				CLANG_WARN_BOOL_CONVERSION = YES;
				CLANG_WARN_COMMA = YES;
				CLANG_WARN_CONSTANT_CONVERSION = YES;
				CLANG_WARN_DEPRECATED_OBJC_IMPLEMENTATIONS = YES;
				CLANG_WARN_DIRECT_OBJC_ISA_USAGE = YES_ERROR;
				CLANG_WARN_DOCUMENTATION_COMMENTS = YES;
				CLANG_WARN_EMPTY_BODY = YES;
				CLANG_WARN_ENUM_CONVERSION = YES;
				CLANG_WARN_INFINITE_RECURSION = YES;
				CLANG_WARN_INT_CONVERSION = YES;
				CLANG_WARN_NON_LITERAL_NULL_CONVERSION = YES;
				CLANG_WARN_OBJC_IMPLICIT_RETAIN_SELF = YES;
				CLANG_WARN_OBJC_LITERAL_CONVERSION = YES;
				CLANG_WARN_OBJC_ROOT_CLASS = YES_ERROR;
				CLANG_WARN_QUOTED_INCLUDE_IN_FRAMEWORK_HEADER = YES;
				CLANG_WARN_RANGE_LOOP_ANALYSIS = YES;
				CLANG_WARN_STRICT_PROTOTYPES = YES;
				CLANG_WARN_SUSPICIOUS_MOVE = YES;
				CLANG_WARN_UNGUARDED_AVAILABILITY = YES_AGGRESSIVE;
				CLANG_WARN_UNREACHABLE_CODE = YES;
				CLANG_WARN__DUPLICATE_METHOD_MATCH = YES;
				COPY_PHASE_STRIP = NO;
				DEBUG_INFORMATION_FORMAT = dwarf;
				ENABLE_STRICT_OBJC_MSGSEND = YES;
				ENABLE_TESTABILITY = YES;
				GCC_C_LANGUAGE_STANDARD = gnu11;
				GCC_DYNAMIC_NO_PIC = NO;
				GCC_NO_COMMON_BLOCKS = YES;
				GCC_OPTIMIZATION_LEVEL = 0;
				GCC_PREPROCESSOR_DEFINITIONS = (
					"DEBUG=1",
					"$(inherited)",
				);
				GCC_WARN_64_TO_32_BIT_CONVERSION = YES;
				GCC_WARN_ABOUT_RETURN_TYPE = YES_ERROR;
				GCC_WARN_UNDECLARED_SELECTOR = YES;
				GCC_WARN_UNINITIALIZED_AUTOS = YES_AGGRESSIVE;
				GCC_WARN_UNUSED_FUNCTION = YES;
				GCC_WARN_UNUSED_VARIABLE = YES;
				IPHONEOS_DEPLOYMENT_TARGET = 16.4;
				MTL_ENABLE_DEBUG_INFO = INCLUDE_SOURCE;
				MTL_FAST_MATH = YES;
				ONLY_ACTIVE_ARCH = YES;
				SDKROOT = iphoneos;
				SWIFT_ACTIVE_COMPILATION_CONDITIONS = DEBUG;
				SWIFT_OPTIMIZATION_LEVEL = "-Onone";
			};
			name = Debug;
		};
		ED1F8B3C29EC347500C5748E /* Release */ = {
			isa = XCBuildConfiguration;
			buildSettings = {
				ALWAYS_SEARCH_USER_PATHS = NO;
				CLANG_ANALYZER_NONNULL = YES;
				CLANG_ANALYZER_NUMBER_OBJECT_CONVERSION = YES_AGGRESSIVE;
				CLANG_CXX_LANGUAGE_STANDARD = "gnu++20";
				CLANG_ENABLE_MODULES = YES;
				CLANG_ENABLE_OBJC_ARC = YES;
				CLANG_ENABLE_OBJC_WEAK = YES;
				CLANG_WARN_BLOCK_CAPTURE_AUTORELEASING = YES;
				CLANG_WARN_BOOL_CONVERSION = YES;
				CLANG_WARN_COMMA = YES;
				CLANG_WARN_CONSTANT_CONVERSION = YES;
				CLANG_WARN_DEPRECATED_OBJC_IMPLEMENTATIONS = YES;
				CLANG_WARN_DIRECT_OBJC_ISA_USAGE = YES_ERROR;
				CLANG_WARN_DOCUMENTATION_COMMENTS = YES;
				CLANG_WARN_EMPTY_BODY = YES;
				CLANG_WARN_ENUM_CONVERSION = YES;
				CLANG_WARN_INFINITE_RECURSION = YES;
				CLANG_WARN_INT_CONVERSION = YES;
				CLANG_WARN_NON_LITERAL_NULL_CONVERSION = YES;
				CLANG_WARN_OBJC_IMPLICIT_RETAIN_SELF = YES;
				CLANG_WARN_OBJC_LITERAL_CONVERSION = YES;
				CLANG_WARN_OBJC_ROOT_CLASS = YES_ERROR;
				CLANG_WARN_QUOTED_INCLUDE_IN_FRAMEWORK_HEADER = YES;
				CLANG_WARN_RANGE_LOOP_ANALYSIS = YES;
				CLANG_WARN_STRICT_PROTOTYPES = YES;
				CLANG_WARN_SUSPICIOUS_MOVE = YES;
				CLANG_WARN_UNGUARDED_AVAILABILITY = YES_AGGRESSIVE;
				CLANG_WARN_UNREACHABLE_CODE = YES;
				CLANG_WARN__DUPLICATE_METHOD_MATCH = YES;
				COPY_PHASE_STRIP = NO;
				DEBUG_INFORMATION_FORMAT = "dwarf-with-dsym";
				ENABLE_NS_ASSERTIONS = NO;
				ENABLE_STRICT_OBJC_MSGSEND = YES;
				GCC_C_LANGUAGE_STANDARD = gnu11;
				GCC_NO_COMMON_BLOCKS = YES;
				GCC_WARN_64_TO_32_BIT_CONVERSION = YES;
				GCC_WARN_ABOUT_RETURN_TYPE = YES_ERROR;
				GCC_WARN_UNDECLARED_SELECTOR = YES;
				GCC_WARN_UNINITIALIZED_AUTOS = YES_AGGRESSIVE;
				GCC_WARN_UNUSED_FUNCTION = YES;
				GCC_WARN_UNUSED_VARIABLE = YES;
				IPHONEOS_DEPLOYMENT_TARGET = 16.4;
				MTL_ENABLE_DEBUG_INFO = NO;
				MTL_FAST_MATH = YES;
				SDKROOT = iphoneos;
				SWIFT_COMPILATION_MODE = wholemodule;
				SWIFT_OPTIMIZATION_LEVEL = "-O";
				VALIDATE_PRODUCT = YES;
			};
			name = Release;
		};
		ED1F8B3E29EC347500C5748E /* Debug */ = {
			isa = XCBuildConfiguration;
			buildSettings = {
				ASSETCATALOG_COMPILER_APPICON_NAME = AppIcon;
				ASSETCATALOG_COMPILER_GLOBAL_ACCENT_COLOR_NAME = AccentColor;
				CODE_SIGN_STYLE = Automatic;
				CURRENT_PROJECT_VERSION = 1;
				GENERATE_INFOPLIST_FILE = YES;
				INFOPLIST_FILE = TicTacToeIphone/Info.plist;
				INFOPLIST_KEY_UIApplicationSupportsIndirectInputEvents = YES;
				INFOPLIST_KEY_UILaunchStoryboardName = LaunchScreen;
				INFOPLIST_KEY_UIMainStoryboardFile = Main;
				INFOPLIST_KEY_UISupportedInterfaceOrientations = UIInterfaceOrientationPortrait;
				LD_RUNPATH_SEARCH_PATHS = (
					"$(inherited)",
					"@executable_path/Frameworks",
				);
				MARKETING_VERSION = 1.0;
				PRODUCT_BUNDLE_IDENTIFIER = com.nihal.TicTacToeIphone;
				PRODUCT_NAME = "$(TARGET_NAME)";
				SUPPORTED_PLATFORMS = "iphoneos iphonesimulator";
				SUPPORTS_MACCATALYST = NO;
				SUPPORTS_MAC_DESIGNED_FOR_IPHONE_IPAD = YES;
				SWIFT_EMIT_LOC_STRINGS = YES;
				SWIFT_VERSION = 5.0;
				TARGETED_DEVICE_FAMILY = 1;
			};
			name = Debug;
		};
		ED1F8B3F29EC347500C5748E /* Release */ = {
			isa = XCBuildConfiguration;
			buildSettings = {
				ASSETCATALOG_COMPILER_APPICON_NAME = AppIcon;
				ASSETCATALOG_COMPILER_GLOBAL_ACCENT_COLOR_NAME = AccentColor;
				CODE_SIGN_STYLE = Automatic;
				CURRENT_PROJECT_VERSION = 1;
				GENERATE_INFOPLIST_FILE = YES;
				INFOPLIST_FILE = TicTacToeIphone/Info.plist;
				INFOPLIST_KEY_UIApplicationSupportsIndirectInputEvents = YES;
				INFOPLIST_KEY_UILaunchStoryboardName = LaunchScreen;
				INFOPLIST_KEY_UIMainStoryboardFile = Main;
				INFOPLIST_KEY_UISupportedInterfaceOrientations = UIInterfaceOrientationPortrait;
				LD_RUNPATH_SEARCH_PATHS = (
					"$(inherited)",
					"@executable_path/Frameworks",
				);
				MARKETING_VERSION = 1.0;
				PRODUCT_BUNDLE_IDENTIFIER = com.nihal.TicTacToeIphone;
				PRODUCT_NAME = "$(TARGET_NAME)";
				SUPPORTED_PLATFORMS = "iphoneos iphonesimulator";
				SUPPORTS_MACCATALYST = NO;
				SUPPORTS_MAC_DESIGNED_FOR_IPHONE_IPAD = YES;
				SWIFT_EMIT_LOC_STRINGS = YES;
				SWIFT_VERSION = 5.0;
				TARGETED_DEVICE_FAMILY = 1;
			};
			name = Release;
		};
/* End XCBuildConfiguration section */

/* Begin XCConfigurationList section */
		ED1F8B2429EC347500C5748E /* Build configuration list for PBXProject "TicTacToeIphone" */ = {
			isa = XCConfigurationList;
			buildConfigurations = (
				ED1F8B3B29EC347500C5748E /* Debug */,
				ED1F8B3C29EC347500C5748E /* Release */,
			);
			defaultConfigurationIsVisible = 0;
			defaultConfigurationName = Release;
		};
		ED1F8B3D29EC347500C5748E /* Build configuration list for PBXNativeTarget "TicTacToeIphone" */ = {
			isa = XCConfigurationList;
			buildConfigurations = (
				ED1F8B3E29EC347500C5748E /* Debug */,
				ED1F8B3F29EC347500C5748E /* Release */,
			);
			defaultConfigurationIsVisible = 0;
			defaultConfigurationName = Release;
		};
/* End XCConfigurationList section */
	};
	rootObject = ED1F8B2129EC347500C5748E /* Project object */;
}
